
Microsoft Visual Studio Solution File, Format Version 12.00
# Visual Studio Version 16
VisualStudioVersion = 16.0.29911.84
MinimumVisualStudioVersion = 10.0.40219.1
Project("{9A19103F-16F7-4668-BE54-9A1E7A4F7556}") = "GraphTutorial", "GraphTutorial.csproj", "{81C23A3F-7F22-4F6D-A078-6A13BCF19099}"
EndProject
Global
	GlobalSection(SolutionConfigurationPlatforms) = preSolution
		Debug|Any CPU = Debug|Any CPU
		Release|Any CPU = Release|Any CPU
	EndGlobalSection
	GlobalSection(ProjectConfigurationPlatforms) = postSolution
		{81C23A3F-7F22-4F6D-A078-6A13BCF19099}.Debug|Any CPU.ActiveCfg = Debug|Any CPU
		{81C23A3F-7F22-4F6D-A078-6A13BCF19099}.Debug|Any CPU.Build.0 = Debug|Any CPU
		{81C23A3F-7F22-4F6D-A078-6A13BCF19099}.Release|Any CPU.ActiveCfg = Release|Any CPU
		{81C23A3F-7F22-4F6D-A078-6A13BCF19099}.Release|Any CPU.Build.0 = Release|Any CPU
	EndGlobalSection
	GlobalSection(SolutionProperties) = preSolution
		HideSolutionNode = FALSE
	EndGlobalSection
	GlobalSection(ExtensibilityGlobals) = postSolution
		SolutionGuid = {43C5017D-BD96-49BF-B65B-26FC79750D9C}
	EndGlobalSection
EndGlobal
